
Microsoft Visual Studio Solution File, Format Version 12.00
# Visual Studio Version 16
VisualStudioVersion = 16.0.31515.178
MinimumVisualStudioVersion = 10.0.40219.1
Project("{2150E333-8FDC-42A3-9474-1A3956D46DE8}") = "Services", "Services", "{634B6685-2E35-44A2-A435-3147A8365AB3}"
EndProject
Project("{2150E333-8FDC-42A3-9474-1A3956D46DE8}") = "Catalog", "Catalog", "{691F6F93-E78B-401B-95DE-6C9FE9557904}"
EndProject
Project("{9A19103F-16F7-4668-BE54-9A1E7A4F7556}") = "Catalog.API", "Services\Catalog\Catalog.API\Catalog.API.csproj", "{9D98B905-68F5-48FC-8A36-ABDD1EE49DFA}"
EndProject
Project("{E53339B2-1760-4266-BCC7-CA923CBCF16C}") = "docker-compose", "docker-compose.dcproj", "{F7F91B63-D773-4E85-AE96-EE407B49FFAC}"
EndProject
Project("{2150E333-8FDC-42A3-9474-1A3956D46DE8}") = "Basket", "Basket", "{3078C57B-6277-485F-B862-5862B3996552}"
EndProject
Project("{9A19103F-16F7-4668-BE54-9A1E7A4F7556}") = "Basket.API", "Services\Basket\Basket.API\Basket.API.csproj", "{8B8028B5-CC68-46C1-9468-46BDFFF793AF}"
EndProject
Project("{2150E333-8FDC-42A3-9474-1A3956D46DE8}") = "Discount", "Discount", "{4AD60AB6-BD2F-49A6-9AC9-F03179B2C1FD}"
EndProject
Project("{9A19103F-16F7-4668-BE54-9A1E7A4F7556}") = "Discount.API", "Services\Discount\Discount.API\Discount.API.csproj", "{6D8DAF42-9FFA-4B88-B24B-AEA625027878}"
EndProject
Project("{9A19103F-16F7-4668-BE54-9A1E7A4F7556}") = "Discount.Grpc", "Services\Discount\Discount.Grpc\Discount.Grpc.csproj", "{C565C1B7-DC7E-44DC-A487-99B8E781E92F}"
EndProject
Project("{2150E333-8FDC-42A3-9474-1A3956D46DE8}") = "Ordering", "Ordering", "{EEFE59B4-49E4-4950-A14E-52F43F1B7E07}"
EndProject
Project("{9A19103F-16F7-4668-BE54-9A1E7A4F7556}") = "Ordering.API", "Services\Ordering\Ordering.API\Ordering.API.csproj", "{711E036C-E634-43D2-9E83-823837AB663D}"
EndProject
Project("{9A19103F-16F7-4668-BE54-9A1E7A4F7556}") = "Ordering.Domain", "Services\Ordering\Ordering.Domain\Ordering.Domain.csproj", "{CC27C2CC-990E-41E9-9AF2-45DD66006914}"
EndProject
Project("{9A19103F-16F7-4668-BE54-9A1E7A4F7556}") = "Ordering.Application", "Services\Ordering\Ordering.Application\Ordering.Application.csproj", "{4CABBF6D-AAD4-48E7-B682-8A6A1EDEA259}"
EndProject
Project("{9A19103F-16F7-4668-BE54-9A1E7A4F7556}") = "Ordering.Infrastructure", "Services\Ordering\Ordering.Infrastructure\Ordering.Infrastructure.csproj", "{BEEB4EEF-D33E-4635-9362-0C25811B65DA}"
EndProject
Project("{2150E333-8FDC-42A3-9474-1A3956D46DE8}") = "BuildingBlocks", "BuildingBlocks", "{A109B836-12BF-42F0-A2CE-97C7EB92C2C6}"
EndProject
Project("{FAE04EC0-301F-11D3-BF4B-00C04F79EFBC}") = "EventBus.Messages", "BuildingBlocks\EventBus.Messages\EventBus.Messages.csproj", "{DCDC4032-D053-436C-A3B2-02518944B662}"
EndProject
Global
	GlobalSection(SolutionConfigurationPlatforms) = preSolution
		Debug|Any CPU = Debug|Any CPU
		Release|Any CPU = Release|Any CPU
	EndGlobalSection
	GlobalSection(ProjectConfigurationPlatforms) = postSolution
		{9D98B905-68F5-48FC-8A36-ABDD1EE49DFA}.Debug|Any CPU.ActiveCfg = Debug|Any CPU
		{9D98B905-68F5-48FC-8A36-ABDD1EE49DFA}.Debug|Any CPU.Build.0 = Debug|Any CPU
		{9D98B905-68F5-48FC-8A36-ABDD1EE49DFA}.Release|Any CPU.ActiveCfg = Release|Any CPU
		{9D98B905-68F5-48FC-8A36-ABDD1EE49DFA}.Release|Any CPU.Build.0 = Release|Any CPU
		{F7F91B63-D773-4E85-AE96-EE407B49FFAC}.Debug|Any CPU.ActiveCfg = Debug|Any CPU
		{F7F91B63-D773-4E85-AE96-EE407B49FFAC}.Debug|Any CPU.Build.0 = Debug|Any CPU
		{F7F91B63-D773-4E85-AE96-EE407B49FFAC}.Release|Any CPU.ActiveCfg = Release|Any CPU
		{F7F91B63-D773-4E85-AE96-EE407B49FFAC}.Release|Any CPU.Build.0 = Release|Any CPU
		{8B8028B5-CC68-46C1-9468-46BDFFF793AF}.Debug|Any CPU.ActiveCfg = Debug|Any CPU
		{8B8028B5-CC68-46C1-9468-46BDFFF793AF}.Debug|Any CPU.Build.0 = Debug|Any CPU
		{8B8028B5-CC68-46C1-9468-46BDFFF793AF}.Release|Any CPU.ActiveCfg = Release|Any CPU
		{8B8028B5-CC68-46C1-9468-46BDFFF793AF}.Release|Any CPU.Build.0 = Release|Any CPU
		{6D8DAF42-9FFA-4B88-B24B-AEA625027878}.Debug|Any CPU.ActiveCfg = Debug|Any CPU
		{6D8DAF42-9FFA-4B88-B24B-AEA625027878}.Debug|Any CPU.Build.0 = Debug|Any CPU
		{6D8DAF42-9FFA-4B88-B24B-AEA625027878}.Release|Any CPU.ActiveCfg = Release|Any CPU
		{6D8DAF42-9FFA-4B88-B24B-AEA625027878}.Release|Any CPU.Build.0 = Release|Any CPU
		{C565C1B7-DC7E-44DC-A487-99B8E781E92F}.Debug|Any CPU.ActiveCfg = Debug|Any CPU
		{C565C1B7-DC7E-44DC-A487-99B8E781E92F}.Debug|Any CPU.Build.0 = Debug|Any CPU
		{C565C1B7-DC7E-44DC-A487-99B8E781E92F}.Release|Any CPU.ActiveCfg = Release|Any CPU
		{C565C1B7-DC7E-44DC-A487-99B8E781E92F}.Release|Any CPU.Build.0 = Release|Any CPU
		{711E036C-E634-43D2-9E83-823837AB663D}.Debug|Any CPU.ActiveCfg = Debug|Any CPU
		{711E036C-E634-43D2-9E83-823837AB663D}.Debug|Any CPU.Build.0 = Debug|Any CPU
		{711E036C-E634-43D2-9E83-823837AB663D}.Release|Any CPU.ActiveCfg = Release|Any CPU
		{711E036C-E634-43D2-9E83-823837AB663D}.Release|Any CPU.Build.0 = Release|Any CPU
		{CC27C2CC-990E-41E9-9AF2-45DD66006914}.Debug|Any CPU.ActiveCfg = Debug|Any CPU
		{CC27C2CC-990E-41E9-9AF2-45DD66006914}.Debug|Any CPU.Build.0 = Debug|Any CPU
		{CC27C2CC-990E-41E9-9AF2-45DD66006914}.Release|Any CPU.ActiveCfg = Release|Any CPU
		{CC27C2CC-990E-41E9-9AF2-45DD66006914}.Release|Any CPU.Build.0 = Release|Any CPU
		{4CABBF6D-AAD4-48E7-B682-8A6A1EDEA259}.Debug|Any CPU.ActiveCfg = Debug|Any CPU
		{4CABBF6D-AAD4-48E7-B682-8A6A1EDEA259}.Debug|Any CPU.Build.0 = Debug|Any CPU
		{4CABBF6D-AAD4-48E7-B682-8A6A1EDEA259}.Release|Any CPU.ActiveCfg = Release|Any CPU
		{4CABBF6D-AAD4-48E7-B682-8A6A1EDEA259}.Release|Any CPU.Build.0 = Release|Any CPU
		{BEEB4EEF-D33E-4635-9362-0C25811B65DA}.Debug|Any CPU.ActiveCfg = Debug|Any CPU
		{BEEB4EEF-D33E-4635-9362-0C25811B65DA}.Debug|Any CPU.Build.0 = Debug|Any CPU
		{BEEB4EEF-D33E-4635-9362-0C25811B65DA}.Release|Any CPU.ActiveCfg = Release|Any CPU
		{BEEB4EEF-D33E-4635-9362-0C25811B65DA}.Release|Any CPU.Build.0 = Release|Any CPU
		{DCDC4032-D053-436C-A3B2-02518944B662}.Debug|Any CPU.ActiveCfg = Debug|Any CPU
		{DCDC4032-D053-436C-A3B2-02518944B662}.Debug|Any CPU.Build.0 = Debug|Any CPU
		{DCDC4032-D053-436C-A3B2-02518944B662}.Release|Any CPU.ActiveCfg = Release|Any CPU
		{DCDC4032-D053-436C-A3B2-02518944B662}.Release|Any CPU.Build.0 = Release|Any CPU
	EndGlobalSection
	GlobalSection(SolutionProperties) = preSolution
		HideSolutionNode = FALSE
	EndGlobalSection
	GlobalSection(NestedProjects) = preSolution
		{691F6F93-E78B-401B-95DE-6C9FE9557904} = {634B6685-2E35-44A2-A435-3147A8365AB3}
		{9D98B905-68F5-48FC-8A36-ABDD1EE49DFA} = {691F6F93-E78B-401B-95DE-6C9FE9557904}
		{3078C57B-6277-485F-B862-5862B3996552} = {634B6685-2E35-44A2-A435-3147A8365AB3}
		{8B8028B5-CC68-46C1-9468-46BDFFF793AF} = {3078C57B-6277-485F-B862-5862B3996552}
		{4AD60AB6-BD2F-49A6-9AC9-F03179B2C1FD} = {634B6685-2E35-44A2-A435-3147A8365AB3}
		{6D8DAF42-9FFA-4B88-B24B-AEA625027878} = {4AD60AB6-BD2F-49A6-9AC9-F03179B2C1FD}
		{C565C1B7-DC7E-44DC-A487-99B8E781E92F} = {4AD60AB6-BD2F-49A6-9AC9-F03179B2C1FD}
		{EEFE59B4-49E4-4950-A14E-52F43F1B7E07} = {634B6685-2E35-44A2-A435-3147A8365AB3}
		{711E036C-E634-43D2-9E83-823837AB663D} = {EEFE59B4-49E4-4950-A14E-52F43F1B7E07}
		{CC27C2CC-990E-41E9-9AF2-45DD66006914} = {EEFE59B4-49E4-4950-A14E-52F43F1B7E07}
		{4CABBF6D-AAD4-48E7-B682-8A6A1EDEA259} = {EEFE59B4-49E4-4950-A14E-52F43F1B7E07}
		{BEEB4EEF-D33E-4635-9362-0C25811B65DA} = {EEFE59B4-49E4-4950-A14E-52F43F1B7E07}
		{DCDC4032-D053-436C-A3B2-02518944B662} = {A109B836-12BF-42F0-A2CE-97C7EB92C2C6}
	EndGlobalSection
	GlobalSection(ExtensibilityGlobals) = postSolution
		SolutionGuid = {205B77B7-35C9-4088-A64B-9D0679C02C00}
	EndGlobalSection
EndGlobal
